// !$*UTF8*$!
{
	archiveVersion = 1;
	classes = {
	};
	objectVersion = 50;
	objects = {

/* Begin PBXBuildFile section */
		3AE63A66BB9BE7B134C964CC /* Pods_RxSearchBar.framework in Frameworks */ = {isa = PBXBuildFile; fileRef = D2DC7F7C2385E4FA9E089F5E /* Pods_RxSearchBar.framework */; };
		DE990915225FDB0400D09891 /* AppDelegate.swift in Sources */ = {isa = PBXBuildFile; fileRef = DE990914225FDB0400D09891 /* AppDelegate.swift */; };
		DE990917225FDB0400D09891 /* ViewController.swift in Sources */ = {isa = PBXBuildFile; fileRef = DE990916225FDB0400D09891 /* ViewController.swift */; };
		DE99091A225FDB0400D09891 /* Main.storyboard in Resources */ = {isa = PBXBuildFile; fileRef = DE990918225FDB0400D09891 /* Main.storyboard */; };
		DE99091C225FDB0600D09891 /* Assets.xcassets in Resources */ = {isa = PBXBuildFile; fileRef = DE99091B225FDB0600D09891 /* Assets.xcassets */; };
		DE99091F225FDB0600D09891 /* LaunchScreen.storyboard in Resources */ = {isa = PBXBuildFile; fileRef = DE99091D225FDB0600D09891 /* LaunchScreen.storyboard */; };
		DE990929225FE8C100D09891 /* Repo.swift in Sources */ = {isa = PBXBuildFile; fileRef = DE990928225FE8C100D09891 /* Repo.swift */; };
		DE99092B225FEB8A00D09891 /* ApiController.swift in Sources */ = {isa = PBXBuildFile; fileRef = DE99092A225FEB8A00D09891 /* ApiController.swift */; };
/* End PBXBuildFile section */

/* Begin PBXFileReference section */
		D2DC7F7C2385E4FA9E089F5E /* Pods_RxSearchBar.framework */ = {isa = PBXFileReference; explicitFileType = wrapper.framework; includeInIndex = 0; path = Pods_RxSearchBar.framework; sourceTree = BUILT_PRODUCTS_DIR; };
		D6079EDA7F1B00ACD84DB02D /* Pods-RxSearchBar.release.xcconfig */ = {isa = PBXFileReference; includeInIndex = 1; lastKnownFileType = text.xcconfig; name = "Pods-RxSearchBar.release.xcconfig"; path = "Target Support Files/Pods-RxSearchBar/Pods-RxSearchBar.release.xcconfig"; sourceTree = "<group>"; };
		DE990911225FDB0400D09891 /* RxSearchBar.app */ = {isa = PBXFileReference; explicitFileType = wrapper.application; includeInIndex = 0; path = RxSearchBar.app; sourceTree = BUILT_PRODUCTS_DIR; };
		DE990914225FDB0400D09891 /* AppDelegate.swift */ = {isa = PBXFileReference; lastKnownFileType = sourcecode.swift; path = AppDelegate.swift; sourceTree = "<group>"; };
		DE990916225FDB0400D09891 /* ViewController.swift */ = {isa = PBXFileReference; lastKnownFileType = sourcecode.swift; path = ViewController.swift; sourceTree = "<group>"; };
		DE990919225FDB0400D09891 /* Base */ = {isa = PBXFileReference; lastKnownFileType = file.storyboard; name = Base; path = Base.lproj/Main.storyboard; sourceTree = "<group>"; };
		DE99091B225FDB0600D09891 /* Assets.xcassets */ = {isa = PBXFileReference; lastKnownFileType = folder.assetcatalog; path = Assets.xcassets; sourceTree = "<group>"; };
		DE99091E225FDB0600D09891 /* Base */ = {isa = PBXFileReference; lastKnownFileType = file.storyboard; name = Base; path = Base.lproj/LaunchScreen.storyboard; sourceTree = "<group>"; };
		DE990920225FDB0600D09891 /* Info.plist */ = {isa = PBXFileReference; lastKnownFileType = text.plist.xml; path = Info.plist; sourceTree = "<group>"; };
		DE990928225FE8C100D09891 /* Repo.swift */ = {isa = PBXFileReference; lastKnownFileType = sourcecode.swift; path = Repo.swift; sourceTree = "<group>"; };
		DE99092A225FEB8A00D09891 /* ApiController.swift */ = {isa = PBXFileReference; lastKnownFileType = sourcecode.swift; path = ApiController.swift; sourceTree = "<group>"; };
		FD87F7D10576B38115EE5AB4 /* Pods-RxSearchBar.debug.xcconfig */ = {isa = PBXFileReference; includeInIndex = 1; lastKnownFileType = text.xcconfig; name = "Pods-RxSearchBar.debug.xcconfig"; path = "Target Support Files/Pods-RxSearchBar/Pods-RxSearchBar.debug.xcconfig"; sourceTree = "<group>"; };
/* End PBXFileReference section */

/* Begin PBXFrameworksBuildPhase section */
		DE99090E225FDB0400D09891 /* Frameworks */ = {
			isa = PBXFrameworksBuildPhase;
			buildActionMask = 2147483647;
			files = (
				3AE63A66BB9BE7B134C964CC /* Pods_RxSearchBar.framework in Frameworks */,
			);
			runOnlyForDeploymentPostprocessing = 0;
		};
/* End PBXFrameworksBuildPhase section */

/* Begin PBXGroup section */
		6C86EB6E3B733607C0E396A6 /* Frameworks */ = {
			isa = PBXGroup;
			children = (
				D2DC7F7C2385E4FA9E089F5E /* Pods_RxSearchBar.framework */,
			);
			name = Frameworks;
			sourceTree = "<group>";
		};
		DE990908225FDB0400D09891 = {
			isa = PBXGroup;
			children = (
				DE990913225FDB0400D09891 /* RxSearchBar */,
				DE990912225FDB0400D09891 /* Products */,
				F4F3604950CD7F44B6E69C9B /* Pods */,
				6C86EB6E3B733607C0E396A6 /* Frameworks */,
			);
			sourceTree = "<group>";
		};
		DE990912225FDB0400D09891 /* Products */ = {
			isa = PBXGroup;
			children = (
				DE990911225FDB0400D09891 /* RxSearchBar.app */,
			);
			name = Products;
			sourceTree = "<group>";
		};
		DE990913225FDB0400D09891 /* RxSearchBar */ = {
			isa = PBXGroup;
			children = (
				DE990927225FE04F00D09891 /* Model */,
				DE990914225FDB0400D09891 /* AppDelegate.swift */,
				DE990916225FDB0400D09891 /* ViewController.swift */,
				DE990918225FDB0400D09891 /* Main.storyboard */,
				DE99091B225FDB0600D09891 /* Assets.xcassets */,
				DE99091D225FDB0600D09891 /* LaunchScreen.storyboard */,
				DE990920225FDB0600D09891 /* Info.plist */,
				DE99092A225FEB8A00D09891 /* ApiController.swift */,
			);
			path = RxSearchBar;
			sourceTree = "<group>";
		};
		DE990927225FE04F00D09891 /* Model */ = {
			isa = PBXGroup;
			children = (
				DE990928225FE8C100D09891 /* Repo.swift */,
			);
			path = Model;
			sourceTree = "<group>";
		};
		F4F3604950CD7F44B6E69C9B /* Pods */ = {
			isa = PBXGroup;
			children = (
				FD87F7D10576B38115EE5AB4 /* Pods-RxSearchBar.debug.xcconfig */,
				D6079EDA7F1B00ACD84DB02D /* Pods-RxSearchBar.release.xcconfig */,
			);
			path = Pods;
			sourceTree = "<group>";
		};
/* End PBXGroup section */

/* Begin PBXNativeTarget section */
		DE990910225FDB0400D09891 /* RxSearchBar */ = {
			isa = PBXNativeTarget;
			buildConfigurationList = DE990923225FDB0600D09891 /* Build configuration list for PBXNativeTarget "RxSearchBar" */;
			buildPhases = (
				3A07ED228D299892E470D386 /* [CP] Check Pods Manifest.lock */,
				DE99090D225FDB0400D09891 /* Sources */,
				DE99090E225FDB0400D09891 /* Frameworks */,
				DE99090F225FDB0400D09891 /* Resources */,
				6F09B302BD12C6F33DF5AFBE /* [CP] Embed Pods Frameworks */,
			);
			buildRules = (
			);
			dependencies = (
			);
			name = RxSearchBar;
			productName = RxSearchBar;
			productReference = DE990911225FDB0400D09891 /* RxSearchBar.app */;
			productType = "com.apple.product-type.application";
		};
/* End PBXNativeTarget section */

/* Begin PBXProject section */
		DE990909225FDB0400D09891 /* Project object */ = {
			isa = PBXProject;
			attributes = {
				LastSwiftUpdateCheck = 1020;
				LastUpgradeCheck = 1020;
				ORGANIZATIONNAME = "Jair Moreno Gaspar";
				TargetAttributes = {
					DE990910225FDB0400D09891 = {
						CreatedOnToolsVersion = 10.2;
					};
				};
			};
			buildConfigurationList = DE99090C225FDB0400D09891 /* Build configuration list for PBXProject "RxSearchBar" */;
			compatibilityVersion = "Xcode 9.3";
			developmentRegion = en;
			hasScannedForEncodings = 0;
			knownRegions = (
				en,
				Base,
			);
			mainGroup = DE990908225FDB0400D09891;
			productRefGroup = DE990912225FDB0400D09891 /* Products */;
			projectDirPath = "";
			projectRoot = "";
			targets = (
				DE990910225FDB0400D09891 /* RxSearchBar */,
			);
		};
/* End PBXProject section */

/* Begin PBXResourcesBuildPhase section */
		DE99090F225FDB0400D09891 /* Resources */ = {
			isa = PBXResourcesBuildPhase;
			buildActionMask = 2147483647;
			files = (
				DE99091F225FDB0600D09891 /* LaunchScreen.storyboard in Resources */,
				DE99091C225FDB0600D09891 /* Assets.xcassets in Resources */,
				DE99091A225FDB0400D09891 /* Main.storyboard in Resources */,
			);
			runOnlyForDeploymentPostprocessing = 0;
		};
/* End PBXResourcesBuildPhase section */

/* Begin PBXShellScriptBuildPhase section */
		3A07ED228D299892E470D386 /* [CP] Check Pods Manifest.lock */ = {
			isa = PBXShellScriptBuildPhase;
			buildActionMask = 2147483647;
			files = (
			);
			inputFileListPaths = (
			);
			inputPaths = (
				"${PODS_PODFILE_DIR_PATH}/Podfile.lock",
				"${PODS_ROOT}/Manifest.lock",
			);
			name = "[CP] Check Pods Manifest.lock";
			outputFileListPaths = (
			);
			outputPaths = (
				"$(DERIVED_FILE_DIR)/Pods-RxSearchBar-checkManifestLockResult.txt",
			);
			runOnlyForDeploymentPostprocessing = 0;
			shellPath = /bin/sh;
			shellScript = "diff \"${PODS_PODFILE_DIR_PATH}/Podfile.lock\" \"${PODS_ROOT}/Manifest.lock\" > /dev/null\nif [ $? != 0 ] ; then\n    # print error to STDERR\n    echo \"error: The sandbox is not in sync with the Podfile.lock. Run 'pod install' or update your CocoaPods installation.\" >&2\n    exit 1\nfi\n# This output is used by Xcode 'outputs' to avoid re-running this script phase.\necho \"SUCCESS\" > \"${SCRIPT_OUTPUT_FILE_0}\"\n";
			showEnvVarsInLog = 0;
		};
		6F09B302BD12C6F33DF5AFBE /* [CP] Embed Pods Frameworks */ = {
			isa = PBXShellScriptBuildPhase;
			buildActionMask = 2147483647;
			files = (
			);
			inputFileListPaths = (
			);
			inputPaths = (
				"${PODS_ROOT}/Target Support Files/Pods-RxSearchBar/Pods-RxSearchBar-frameworks.sh",
				"${BUILT_PRODUCTS_DIR}/RxCocoa/RxCocoa.framework",
				"${BUILT_PRODUCTS_DIR}/RxSwift/RxSwift.framework",
			);
			name = "[CP] Embed Pods Frameworks";
			outputFileListPaths = (
			);
			outputPaths = (
				"${TARGET_BUILD_DIR}/${FRAMEWORKS_FOLDER_PATH}/RxCocoa.framework",
				"${TARGET_BUILD_DIR}/${FRAMEWORKS_FOLDER_PATH}/RxSwift.framework",
			);
			runOnlyForDeploymentPostprocessing = 0;
			shellPath = /bin/sh;
			shellScript = "\"${PODS_ROOT}/Target Support Files/Pods-RxSearchBar/Pods-RxSearchBar-frameworks.sh\"\n";
			showEnvVarsInLog = 0;
		};
/* End PBXShellScriptBuildPhase section */

/* Begin PBXSourcesBuildPhase section */
		DE99090D225FDB0400D09891 /* Sources */ = {
			isa = PBXSourcesBuildPhase;
			buildActionMask = 2147483647;
			files = (
				DE99092B225FEB8A00D09891 /* ApiController.swift in Sources */,
				DE990929225FE8C100D09891 /* Repo.swift in Sources */,
				DE990917225FDB0400D09891 /* ViewController.swift in Sources */,
				DE990915225FDB0400D09891 /* AppDelegate.swift in Sources */,
			);
			runOnlyForDeploymentPostprocessing = 0;
		};
/* End PBXSourcesBuildPhase section */

/* Begin PBXVariantGroup section */
		DE990918225FDB0400D09891 /* Main.storyboard */ = {
			isa = PBXVariantGroup;
			children = (
				DE990919225FDB0400D09891 /* Base */,
			);
			name = Main.storyboard;
			sourceTree = "<group>";
		};
		DE99091D225FDB0600D09891 /* LaunchScreen.storyboard */ = {
			isa = PBXVariantGroup;
			children = (
				DE99091E225FDB0600D09891 /* Base */,
			);
			name = LaunchScreen.storyboard;
			sourceTree = "<group>";
		};
/* End PBXVariantGroup section */

/* Begin XCBuildConfiguration section */
		DE990921225FDB0600D09891 /* Debug */ = {
			isa = XCBuildConfiguration;
			buildSettings = {
				ALWAYS_SEARCH_USER_PATHS = NO;
				CLANG_ANALYZER_NONNULL = YES;
				CLANG_ANALYZER_NUMBER_OBJECT_CONVERSION = YES_AGGRESSIVE;
				CLANG_CXX_LANGUAGE_STANDARD = "gnu++14";
				CLANG_CXX_LIBRARY = "libc++";
				CLANG_ENABLE_MODULES = YES;
				CLANG_ENABLE_OBJC_ARC = YES;
				CLANG_ENABLE_OBJC_WEAK = YES;
				CLANG_WARN_BLOCK_CAPTURE_AUTORELEASING = YES;
				CLANG_WARN_BOOL_CONVERSION = YES;
				CLANG_WARN_COMMA = YES;
				CLANG_WARN_CONSTANT_CONVERSION = YES;
				CLANG_WARN_DEPRECATED_OBJC_IMPLEMENTATIONS = YES;
				CLANG_WARN_DIRECT_OBJC_ISA_USAGE = YES_ERROR;
				CLANG_WARN_DOCUMENTATION_COMMENTS = YES;
				CLANG_WARN_EMPTY_BODY = YES;
				CLANG_WARN_ENUM_CONVERSION = YES;
				CLANG_WARN_INFINITE_RECURSION = YES;
				CLANG_WARN_INT_CONVERSION = YES;
				CLANG_WARN_NON_LITERAL_NULL_CONVERSION = YES;
				CLANG_WARN_OBJC_IMPLICIT_RETAIN_SELF = YES;
				CLANG_WARN_OBJC_LITERAL_CONVERSION = YES;
				CLANG_WARN_OBJC_ROOT_CLASS = YES_ERROR;
				CLANG_WARN_RANGE_LOOP_ANALYSIS = YES;
				CLANG_WARN_STRICT_PROTOTYPES = YES;
				CLANG_WARN_SUSPICIOUS_MOVE = YES;
				CLANG_WARN_UNGUARDED_AVAILABILITY = YES_AGGRESSIVE;
				CLANG_WARN_UNREACHABLE_CODE = YES;
				CLANG_WARN__DUPLICATE_METHOD_MATCH = YES;
				CODE_SIGN_IDENTITY = "iPhone Developer";
				COPY_PHASE_STRIP = NO;
				DEBUG_INFORMATION_FORMAT = dwarf;
				ENABLE_STRICT_OBJC_MSGSEND = YES;
				ENABLE_TESTABILITY = YES;
				GCC_C_LANGUAGE_STANDARD = gnu11;
				GCC_DYNAMIC_NO_PIC = NO;
				GCC_NO_COMMON_BLOCKS = YES;
				GCC_OPTIMIZATION_LEVEL = 0;
				GCC_PREPROCESSOR_DEFINITIONS = (
					"DEBUG=1",
					"$(inherited)",
				);
				GCC_WARN_64_TO_32_BIT_CONVERSION = YES;
				GCC_WARN_ABOUT_RETURN_TYPE = YES_ERROR;
				GCC_WARN_UNDECLARED_SELECTOR = YES;
				GCC_WARN_UNINITIALIZED_AUTOS = YES_AGGRESSIVE;
				GCC_WARN_UNUSED_FUNCTION = YES;
				GCC_WARN_UNUSED_VARIABLE = YES;
				IPHONEOS_DEPLOYMENT_TARGET = 12.2;
				MTL_ENABLE_DEBUG_INFO = INCLUDE_SOURCE;
				MTL_FAST_MATH = YES;
				ONLY_ACTIVE_ARCH = YES;
				SDKROOT = iphoneos;
				SWIFT_ACTIVE_COMPILATION_CONDITIONS = DEBUG;
				SWIFT_OPTIMIZATION_LEVEL = "-Onone";
			};
			name = Debug;
		};
		DE990922225FDB0600D09891 /* Release */ = {
			isa = XCBuildConfiguration;
			buildSettings = {
				ALWAYS_SEARCH_USER_PATHS = NO;
				CLANG_ANALYZER_NONNULL = YES;
				CLANG_ANALYZER_NUMBER_OBJECT_CONVERSION = YES_AGGRESSIVE;
				CLANG_CXX_LANGUAGE_STANDARD = "gnu++14";
				CLANG_CXX_LIBRARY = "libc++";
				CLANG_ENABLE_MODULES = YES;
				CLANG_ENABLE_OBJC_ARC = YES;
				CLANG_ENABLE_OBJC_WEAK = YES;
				CLANG_WARN_BLOCK_CAPTURE_AUTORELEASING = YES;
				CLANG_WARN_BOOL_CONVERSION = YES;
				CLANG_WARN_COMMA = YES;
				CLANG_WARN_CONSTANT_CONVERSION = YES;
				CLANG_WARN_DEPRECATED_OBJC_IMPLEMENTATIONS = YES;
				CLANG_WARN_DIRECT_OBJC_ISA_USAGE = YES_ERROR;
				CLANG_WARN_DOCUMENTATION_COMMENTS = YES;
				CLANG_WARN_EMPTY_BODY = YES;
				CLANG_WARN_ENUM_CONVERSION = YES;
				CLANG_WARN_INFINITE_RECURSION = YES;
				CLANG_WARN_INT_CONVERSION = YES;
				CLANG_WARN_NON_LITERAL_NULL_CONVERSION = YES;
				CLANG_WARN_OBJC_IMPLICIT_RETAIN_SELF = YES;
				CLANG_WARN_OBJC_LITERAL_CONVERSION = YES;
				CLANG_WARN_OBJC_ROOT_CLASS = YES_ERROR;
				CLANG_WARN_RANGE_LOOP_ANALYSIS = YES;
				CLANG_WARN_STRICT_PROTOTYPES = YES;
				CLANG_WARN_SUSPICIOUS_MOVE = YES;
				CLANG_WARN_UNGUARDED_AVAILABILITY = YES_AGGRESSIVE;
				CLANG_WARN_UNREACHABLE_CODE = YES;
				CLANG_WARN__DUPLICATE_METHOD_MATCH = YES;
				CODE_SIGN_IDENTITY = "iPhone Developer";
				COPY_PHASE_STRIP = NO;
				DEBUG_INFORMATION_FORMAT = "dwarf-with-dsym";
				ENABLE_NS_ASSERTIONS = NO;
				ENABLE_STRICT_OBJC_MSGSEND = YES;
				GCC_C_LANGUAGE_STANDARD = gnu11;
				GCC_NO_COMMON_BLOCKS = YES;
				GCC_WARN_64_TO_32_BIT_CONVERSION = YES;
				GCC_WARN_ABOUT_RETURN_TYPE = YES_ERROR;
				GCC_WARN_UNDECLARED_SELECTOR = YES;
				GCC_WARN_UNINITIALIZED_AUTOS = YES_AGGRESSIVE;
				GCC_WARN_UNUSED_FUNCTION = YES;
				GCC_WARN_UNUSED_VARIABLE = YES;
				IPHONEOS_DEPLOYMENT_TARGET = 12.2;
				MTL_ENABLE_DEBUG_INFO = NO;
				MTL_FAST_MATH = YES;
				SDKROOT = iphoneos;
				SWIFT_COMPILATION_MODE = wholemodule;
				SWIFT_OPTIMIZATION_LEVEL = "-O";
				VALIDATE_PRODUCT = YES;
			};
			name = Release;
		};
		DE990924225FDB0600D09891 /* Debug */ = {
			isa = XCBuildConfiguration;
			baseConfigurationReference = FD87F7D10576B38115EE5AB4 /* Pods-RxSearchBar.debug.xcconfig */;
			buildSettings = {
				ASSETCATALOG_COMPILER_APPICON_NAME = AppIcon;
				CODE_SIGN_STYLE = Automatic;
				DEVELOPMENT_TEAM = LQUE8QE5D8;
				INFOPLIST_FILE = RxSearchBar/Info.plist;
				LD_RUNPATH_SEARCH_PATHS = (
					"$(inherited)",
					"@executable_path/Frameworks",
				);
				PRODUCT_BUNDLE_IDENTIFIER = loginExample.RxSearchBar;
				PRODUCT_NAME = "$(TARGET_NAME)";
				SWIFT_VERSION = 5.0;
				TARGETED_DEVICE_FAMILY = "1,2";
			};
			name = Debug;
		};
		DE990925225FDB0600D09891 /* Release */ = {
			isa = XCBuildConfiguration;
			baseConfigurationReference = D6079EDA7F1B00ACD84DB02D /* Pods-RxSearchBar.release.xcconfig */;
			buildSettings = {
				ASSETCATALOG_COMPILER_APPICON_NAME = AppIcon;
				CODE_SIGN_STYLE = Automatic;
				DEVELOPMENT_TEAM = LQUE8QE5D8;
				INFOPLIST_FILE = RxSearchBar/Info.plist;
				LD_RUNPATH_SEARCH_PATHS = (
					"$(inherited)",
					"@executable_path/Frameworks",
				);
				PRODUCT_BUNDLE_IDENTIFIER = loginExample.RxSearchBar;
				PRODUCT_NAME = "$(TARGET_NAME)";
				SWIFT_VERSION = 5.0;
				TARGETED_DEVICE_FAMILY = "1,2";
			};
			name = Release;
		};
/* End XCBuildConfiguration section */

/* Begin XCConfigurationList section */
		DE99090C225FDB0400D09891 /* Build configuration list for PBXProject "RxSearchBar" */ = {
			isa = XCConfigurationList;
			buildConfigurations = (
				DE990921225FDB0600D09891 /* Debug */,
				DE990922225FDB0600D09891 /* Release */,
			);
			defaultConfigurationIsVisible = 0;
			defaultConfigurationName = Release;
		};
		DE990923225FDB0600D09891 /* Build configuration list for PBXNativeTarget "RxSearchBar" */ = {
			isa = XCConfigurationList;
			buildConfigurations = (
				DE990924225FDB0600D09891 /* Debug */,
				DE990925225FDB0600D09891 /* Release */,
			);
			defaultConfigurationIsVisible = 0;
			defaultConfigurationName = Release;
		};
/* End XCConfigurationList section */
	};
	rootObject = DE990909225FDB0400D09891 /* Project object */;
}
